
Microsoft Visual Studio Solution File, Format Version 12.00
# Visual Studio 15
VisualStudioVersion = 15.0.28010.2003
MinimumVisualStudioVersion = 10.0.40219.1
Project("{FAE04EC0-301F-11D3-BF4B-00C04F79EFBC}") = "VideosSync", "VideosSync\VideosSync.csproj", "{00D1FBE8-8490-4E3A-BF6B-6CE676A2D9E2}"
EndProject
Global
	GlobalSection(SolutionConfigurationPlatforms) = preSolution
		Debug|Any CPU = Debug|Any CPU
		Release|Any CPU = Release|Any CPU
	EndGlobalSection
	GlobalSection(ProjectConfigurationPlatforms) = postSolution
		{00D1FBE8-8490-4E3A-BF6B-6CE676A2D9E2}.Debug|Any CPU.ActiveCfg = Debug|Any CPU
		{00D1FBE8-8490-4E3A-BF6B-6CE676A2D9E2}.Debug|Any CPU.Build.0 = Debug|Any CPU
		{00D1FBE8-8490-4E3A-BF6B-6CE676A2D9E2}.Release|Any CPU.ActiveCfg = Release|Any CPU
		{00D1FBE8-8490-4E3A-BF6B-6CE676A2D9E2}.Release|Any CPU.Build.0 = Release|Any CPU
	EndGlobalSection
	GlobalSection(SolutionProperties) = preSolution
		HideSolutionNode = FALSE
	EndGlobalSection
	GlobalSection(ExtensibilityGlobals) = postSolution
		SolutionGuid = {853616C3-0962-43BB-B2E7-A198B8AC6804}
	EndGlobalSection
EndGlobal
